
Microsoft Visual Studio Solution File, Format Version 12.00
# Visual Studio Version 16
VisualStudioVersion = 16.0.33328.57
MinimumVisualStudioVersion = 10.0.40219.1
Project("{FAE04EC0-301F-11D3-BF4B-00C04F79EFBC}") = "Lending", "Lending\Lending.csproj", "{317049E3-2A90-41D2-B6D6-AA6C17057E31}"
EndProject
Global
	GlobalSection(SolutionConfigurationPlatforms) = preSolution
		Debug|Any CPU = Debug|Any CPU
		Release|Any CPU = Release|Any CPU
	EndGlobalSection
	GlobalSection(ProjectConfigurationPlatforms) = postSolution
		{317049E3-2A90-41D2-B6D6-AA6C17057E31}.Debug|Any CPU.ActiveCfg = Debug|Any CPU
		{317049E3-2A90-41D2-B6D6-AA6C17057E31}.Debug|Any CPU.Build.0 = Debug|Any CPU
		{317049E3-2A90-41D2-B6D6-AA6C17057E31}.Release|Any CPU.ActiveCfg = Release|Any CPU
		{317049E3-2A90-41D2-B6D6-AA6C17057E31}.Release|Any CPU.Build.0 = Release|Any CPU
	EndGlobalSection
	GlobalSection(SolutionProperties) = preSolution
		HideSolutionNode = FALSE
	EndGlobalSection
	GlobalSection(ExtensibilityGlobals) = postSolution
		SolutionGuid = {C4085A08-DCDF-4CF9-8022-236C5F3FB7F8}
	EndGlobalSection
EndGlobal
